
Microsoft Visual Studio Solution File, Format Version 12.00
# Visual Studio Version 17
VisualStudioVersion = 17.1.32407.343
MinimumVisualStudioVersion = 10.0.40219.1
Project("{FAE04EC0-301F-11D3-BF4B-00C04F79EFBC}") = "ce100-hw4-algo-lib-cs", "ce100-hw4-algo-lib-cs\ce100-hw4-algo-lib-cs.csproj", "{4626917A-46CD-449E-9104-544A56692384}"
EndProject
Project("{FAE04EC0-301F-11D3-BF4B-00C04F79EFBC}") = "ce100-hw4-algo-test-cs", "ce100-hw4-algo-test-cs\ce100-hw4-algo-test-cs.csproj", "{6D3C7E2E-FE0B-4E97-B3E7-30F155C81C14}"
EndProject
Global
	GlobalSection(SolutionConfigurationPlatforms) = preSolution
		Debug|Any CPU = Debug|Any CPU
		Release|Any CPU = Release|Any CPU
	EndGlobalSection
	GlobalSection(ProjectConfigurationPlatforms) = postSolution
		{4626917A-46CD-449E-9104-544A56692384}.Debug|Any CPU.ActiveCfg = Debug|Any CPU
		{4626917A-46CD-449E-9104-544A56692384}.Debug|Any CPU.Build.0 = Debug|Any CPU
		{4626917A-46CD-449E-9104-544A56692384}.Release|Any CPU.ActiveCfg = Release|Any CPU
		{4626917A-46CD-449E-9104-544A56692384}.Release|Any CPU.Build.0 = Release|Any CPU
		{6D3C7E2E-FE0B-4E97-B3E7-30F155C81C14}.Debug|Any CPU.ActiveCfg = Debug|Any CPU
		{6D3C7E2E-FE0B-4E97-B3E7-30F155C81C14}.Debug|Any CPU.Build.0 = Debug|Any CPU
		{6D3C7E2E-FE0B-4E97-B3E7-30F155C81C14}.Release|Any CPU.ActiveCfg = Release|Any CPU
		{6D3C7E2E-FE0B-4E97-B3E7-30F155C81C14}.Release|Any CPU.Build.0 = Release|Any CPU
	EndGlobalSection
	GlobalSection(SolutionProperties) = preSolution
		HideSolutionNode = FALSE
	EndGlobalSection
	GlobalSection(ExtensibilityGlobals) = postSolution
		SolutionGuid = {FA18B96B-EA16-4111-9AB8-F807E3FC66F3}
	EndGlobalSection
EndGlobal
